
Microsoft Visual Studio Solution File, Format Version 12.00
# Visual Studio Version 16
VisualStudioVersion = 16.0.30114.105
MinimumVisualStudioVersion = 10.0.40219.1
Project("{9A19103F-16F7-4668-BE54-9A1E7A4F7556}") = "OdeToFoodCore.Core", "..\OdeToFoodCore.Core\OdeToFoodCore.Core.csproj", "{3C0F1845-680B-4285-A0BB-135263AA846E}"
EndProject
Project("{9A19103F-16F7-4668-BE54-9A1E7A4F7556}") = "OdeToFoodCore.Data", "..\OdeToFoodCore.Data\OdeToFoodCore.Data.csproj", "{858B9C16-8F28-4AF5-ADF4-595F19016FD4}"
EndProject
Project("{9A19103F-16F7-4668-BE54-9A1E7A4F7556}") = "OdeToFoodCore", "OdeToFoodCore.csproj", "{06C555E5-0DDB-459B-8AEF-F9B4E8711C30}"
EndProject
Global
	GlobalSection(SolutionConfigurationPlatforms) = preSolution
		Debug|Any CPU = Debug|Any CPU
		Release|Any CPU = Release|Any CPU
	EndGlobalSection
	GlobalSection(ProjectConfigurationPlatforms) = postSolution
		{3C0F1845-680B-4285-A0BB-135263AA846E}.Debug|Any CPU.ActiveCfg = Debug|Any CPU
		{3C0F1845-680B-4285-A0BB-135263AA846E}.Debug|Any CPU.Build.0 = Debug|Any CPU
		{3C0F1845-680B-4285-A0BB-135263AA846E}.Release|Any CPU.ActiveCfg = Release|Any CPU
		{3C0F1845-680B-4285-A0BB-135263AA846E}.Release|Any CPU.Build.0 = Release|Any CPU
		{858B9C16-8F28-4AF5-ADF4-595F19016FD4}.Debug|Any CPU.ActiveCfg = Debug|Any CPU
		{858B9C16-8F28-4AF5-ADF4-595F19016FD4}.Debug|Any CPU.Build.0 = Debug|Any CPU
		{858B9C16-8F28-4AF5-ADF4-595F19016FD4}.Release|Any CPU.ActiveCfg = Release|Any CPU
		{858B9C16-8F28-4AF5-ADF4-595F19016FD4}.Release|Any CPU.Build.0 = Release|Any CPU
		{06C555E5-0DDB-459B-8AEF-F9B4E8711C30}.Debug|Any CPU.ActiveCfg = Debug|Any CPU
		{06C555E5-0DDB-459B-8AEF-F9B4E8711C30}.Debug|Any CPU.Build.0 = Debug|Any CPU
		{06C555E5-0DDB-459B-8AEF-F9B4E8711C30}.Release|Any CPU.ActiveCfg = Release|Any CPU
		{06C555E5-0DDB-459B-8AEF-F9B4E8711C30}.Release|Any CPU.Build.0 = Release|Any CPU
	EndGlobalSection
	GlobalSection(SolutionProperties) = preSolution
		HideSolutionNode = FALSE
	EndGlobalSection
	GlobalSection(ExtensibilityGlobals) = postSolution
		SolutionGuid = {874779EF-DC6F-4EC7-8BD4-23EC6D718DDF}
	EndGlobalSection
EndGlobal
